PODS:
  - Alamofire (5.5.0)
  - Differ (1.4.5)
  - DifferenceKit (1.2.0):
    - DifferenceKit/Core (= 1.2.0)
    - DifferenceKit/UIKitExtension (= 1.2.0)
  - DifferenceKit/Core (1.2.0)
  - DifferenceKit/UIKitExtension (1.2.0):
    - DifferenceKit/Core
  - FlexLayout (1.3.23)
  - Gifu (3.3.1)
  - Kingfisher (7.1.2)
  - lottie-ios (3.3.0)
  - Nantes (0.1.2)
  - Nuke (8.4.1)
  - PinLayout (1.10.0)
  - Realm (10.20.1):
    - Realm/Headers (= 10.20.1)
  - Realm/Headers (10.20.1)
  - RealmSwift (10.20.1):
    - Realm (= 10.20.1)
  - ReusableKit (3.0.0):
    - ReusableKit/Core (= 3.0.0)
  - ReusableKit/Core (3.0.0)
  - RichString (2.2.1)
  - RxCocoa (6.2.0):
    - RxRelay (= 6.2.0)
    - RxSwift (= 6.2.0)
  - RxFlow (2.12.4):
    - RxCocoa (>= 6.0.0)
    - RxSwift (>= 6.0.0)
  - RxKeyboard (2.0.0):
    - RxCocoa (~> 6.0)
    - RxSwift (~> 6.0)
  - RxRelay (6.2.0):
    - RxSwift (= 6.2.0)
  - RxSwift (6.2.0)
  - SnapKit (5.0.1)
  - Streamoji (0.1.8):
    - Nuke (~> 8.4)
    - SwiftyGif (~> 5.2)
  - SwiftyGif (5.4.2)
  - SwiftyImage (1.6.0)
  - Then (2.7.0)
  - TTTAttributedLabel (2.0.0)
  - Typist (1.4.2)

DEPENDENCIES:
  - Alamofire
  - Differ
  - DifferenceKit
  - FlexLayout
  - Gifu
  - Kingfisher
  - lottie-ios
  - Nantes
  - PinLayout
  - RealmSwift
  - ReusableKit
  - RichString
  - RxCocoa
  - RxFlow
  - RxKeyboard
  - RxSwift
  - SnapKit
  - Streamoji
  - SwiftyImage
  - Then
  - TTTAttributedLabel
  - Typist

SPEC REPOS:
  trunk:
    - Alamofire
    - Differ
    - DifferenceKit
    - FlexLayout
    - Gifu
    - Kingfisher
    - lottie-ios
    - Nantes
    - Nuke
    - PinLayout
    - Realm
    - RealmSwift
    - ReusableKit
    - RichString
    - RxCocoa
    - RxFlow
    - RxKeyboard
    - RxRelay
    - RxSwift
    - SnapKit
    - Streamoji
    - SwiftyGif
    - SwiftyImage
    - Then
    - TTTAttributedLabel
    - Typist

SPEC CHECKSUMS:
  Alamofire: 1c4fb5369c3fe93d2857c780d8bbe09f06f97e7c
  Differ: 3b6bd78e2b20cc795d9a86f7641d087524e4273e
  DifferenceKit: 5659c430bb7fe45876fa32ce5cba5d6167f0c805
  FlexLayout: 5b44c0538e7eaa2110e3160dfdfb74611676fb91
  Gifu: 416d4e38c4c2fed012f019e0a1d3ffcb58e5b842
  Kingfisher: 44ed6a8504763f27bab46163adfac83f5deb240c
  lottie-ios: 6ac74dcc09904798f59b18cb3075c089d76be9ae
  Nantes: 0396442578e32242223fed46050dea1850236184
  Nuke: d780e3507a86b86c589ab3cc5cd302d5456f06fb
  PinLayout: e50e9a748b632905fca6e67043ea4b05d6c92186
  Realm: fac5ecd031fcb81171627b74944c885662d4b266
  RealmSwift: 9b02d25acb46a14756bde9893abb99e2e3675923
  ReusableKit: e5f853ad4652e411f96b6119b2488afa12929be6
  RichString: 1f80e0025ea8ed2d864deb2beb73756da9600a97
  RxCocoa: 4baf94bb35f2c0ab31bc0cb9f1900155f646ba42
  RxFlow: 03a73c83fb8f183107074b40ab2544c668583f73
  RxKeyboard: 4f5863f43b4ff0cbb2a20b94688d6b80c8a43c14
  RxRelay: e72dbfd157807478401ef1982e1c61c945c94b2f
  RxSwift: d356ab7bee873611322f134c5f9ef379fa183d8f
  SnapKit: 97b92857e3df3a0c71833cce143274bf6ef8e5eb
  Streamoji: d068bb7a71f77d69ba3da167de4048db21de8548
  SwiftyGif: dec758a9dd3d278e5a855dbf279bf062c923c387
  SwiftyImage: 65c71a147f417fc0fe137d17b135aaa666279a09
  Then: acfe0be7e98221c6204e12f8161459606d5d822d
  TTTAttributedLabel: 8cffe8e127e4e82ff3af1e5386d4cd0ad000b656
  Typist: 06465ab9867782aa6c81e38f073dfc01dab73deb

PODFILE CHECKSUM: 5ebad07251c548a2e9a3297c4d76da41ac5b2522

COCOAPODS: 1.11.2
